
Microsoft Visual Studio Solution File, Format Version 12.00
# Visual Studio Version 17
VisualStudioVersion = 17.7.34024.191
MinimumVisualStudioVersion = 10.0.40219.1
Project("{FAE04EC0-301F-11D3-BF4B-00C04F79EFBC}") = "ParkeringHus", "ParkeringHus\ParkeringHus.csproj", "{99568905-5473-4717-8B19-BD1A207AFD90}"
EndProject
Global
	GlobalSection(SolutionConfigurationPlatforms) = preSolution
		Debug|Any CPU = Debug|Any CPU
		Release|Any CPU = Release|Any CPU
	EndGlobalSection
	GlobalSection(ProjectConfigurationPlatforms) = postSolution
		{99568905-5473-4717-8B19-BD1A207AFD90}.Debug|Any CPU.ActiveCfg = Debug|Any CPU
		{99568905-5473-4717-8B19-BD1A207AFD90}.Debug|Any CPU.Build.0 = Debug|Any CPU
		{99568905-5473-4717-8B19-BD1A207AFD90}.Release|Any CPU.ActiveCfg = Release|Any CPU
		{99568905-5473-4717-8B19-BD1A207AFD90}.Release|Any CPU.Build.0 = Release|Any CPU
	EndGlobalSection
	GlobalSection(SolutionProperties) = preSolution
		HideSolutionNode = FALSE
	EndGlobalSection
	GlobalSection(ExtensibilityGlobals) = postSolution
		SolutionGuid = {7945BBEE-D681-470A-B0E7-58E73F95232C}
	EndGlobalSection
EndGlobal
